
Microsoft Visual Studio Solution File, Format Version 12.00
# Visual Studio Version 17
VisualStudioVersion = 17.4.33213.308
MinimumVisualStudioVersion = 10.0.40219.1
Project("{888888A0-9F3D-457C-B088-3A5042F75D52}") = "ImageUpscaler", "ImageUpscaler\ImageUpscaler.pyproj", "{BA525503-C20E-4043-B3B3-90B909297137}"
EndProject
Global
	GlobalSection(SolutionConfigurationPlatforms) = preSolution
		Debug|Any CPU = Debug|Any CPU
		Release|Any CPU = Release|Any CPU
	EndGlobalSection
	GlobalSection(ProjectConfigurationPlatforms) = postSolution
		{BA525503-C20E-4043-B3B3-90B909297137}.Debug|Any CPU.ActiveCfg = Debug|Any CPU
		{BA525503-C20E-4043-B3B3-90B909297137}.Release|Any CPU.ActiveCfg = Release|Any CPU
	EndGlobalSection
	GlobalSection(SolutionProperties) = preSolution
		HideSolutionNode = FALSE
	EndGlobalSection
	GlobalSection(ExtensibilityGlobals) = postSolution
		SolutionGuid = {ED73F469-BCD3-4FC6-94B6-5774FCF0ADEE}
	EndGlobalSection
EndGlobal
